
Microsoft Visual Studio Solution File, Format Version 12.00
# Visual Studio Version 17
VisualStudioVersion = 17.1.32407.343
MinimumVisualStudioVersion = 10.0.40219.1
Project("{9A19103F-16F7-4668-BE54-9A1E7A4F7556}") = "DemoSchool.WebAPI", "DemoSchool.WebAPI\DemoSchool.WebAPI.csproj", "{A0F05192-7DE1-48F5-B28A-86EBD34069AB}"
EndProject
Project("{2150E333-8FDC-42A3-9474-1A3956D46DE8}") = "src", "src", "{2D875643-7DDB-45C7-B96B-ABC8983A1EAA}"
EndProject
Project("{2150E333-8FDC-42A3-9474-1A3956D46DE8}") = "test", "test", "{8AE98050-A80D-4484-AE2C-0D734D642669}"
EndProject
Project("{9A19103F-16F7-4668-BE54-9A1E7A4F7556}") = "DemoSchool.WebUI.Test", "DemoSchool.WebUI.Test\DemoSchool.WebUI.Test.csproj", "{7F540D20-F262-4289-9E65-E00F4C6E7D4D}"
EndProject
Project("{9A19103F-16F7-4668-BE54-9A1E7A4F7556}") = "DemoSchool.Shared", "DemoSchool.Shared\DemoSchool.Shared.csproj", "{FC607F09-8B30-4620-841F-DBA696A625E8}"
EndProject
Project("{9A19103F-16F7-4668-BE54-9A1E7A4F7556}") = "DemoSchool.Aspire.AppHost", "DemoSchool.Aspire\DemoSchool.Aspire.AppHost\DemoSchool.Aspire.AppHost.csproj", "{DDC18AFF-02F8-445B-862C-D9225174EFDA}"
EndProject
Project("{9A19103F-16F7-4668-BE54-9A1E7A4F7556}") = "DemoSchool.Aspire.ServiceDefaults", "DemoSchool.Aspire\DemoSchool.Aspire.ServiceDefaults\DemoSchool.Aspire.ServiceDefaults.csproj", "{698726BA-3F2F-4F80-B30E-F3E7BBA55724}"
EndProject
Project("{9A19103F-16F7-4668-BE54-9A1E7A4F7556}") = "DemoSchool.WebUI", "DemoSchool.WebUI\DemoSchool.WebUI.csproj", "{99A37405-30A9-450B-9E4C-8FD32437F3E1}"
EndProject
Global
	GlobalSection(SolutionConfigurationPlatforms) = preSolution
		Debug|Any CPU = Debug|Any CPU
		Release|Any CPU = Release|Any CPU
	EndGlobalSection
	GlobalSection(ProjectConfigurationPlatforms) = postSolution
		{A0F05192-7DE1-48F5-B28A-86EBD34069AB}.Debug|Any CPU.ActiveCfg = Debug|Any CPU
		{A0F05192-7DE1-48F5-B28A-86EBD34069AB}.Debug|Any CPU.Build.0 = Debug|Any CPU
		{A0F05192-7DE1-48F5-B28A-86EBD34069AB}.Release|Any CPU.ActiveCfg = Release|Any CPU
		{A0F05192-7DE1-48F5-B28A-86EBD34069AB}.Release|Any CPU.Build.0 = Release|Any CPU
		{7F540D20-F262-4289-9E65-E00F4C6E7D4D}.Debug|Any CPU.ActiveCfg = Debug|Any CPU
		{7F540D20-F262-4289-9E65-E00F4C6E7D4D}.Debug|Any CPU.Build.0 = Debug|Any CPU
		{7F540D20-F262-4289-9E65-E00F4C6E7D4D}.Release|Any CPU.ActiveCfg = Release|Any CPU
		{7F540D20-F262-4289-9E65-E00F4C6E7D4D}.Release|Any CPU.Build.0 = Release|Any CPU
		{FC607F09-8B30-4620-841F-DBA696A625E8}.Debug|Any CPU.ActiveCfg = Debug|Any CPU
		{FC607F09-8B30-4620-841F-DBA696A625E8}.Debug|Any CPU.Build.0 = Debug|Any CPU
		{FC607F09-8B30-4620-841F-DBA696A625E8}.Release|Any CPU.ActiveCfg = Release|Any CPU
		{FC607F09-8B30-4620-841F-DBA696A625E8}.Release|Any CPU.Build.0 = Release|Any CPU
		{DDC18AFF-02F8-445B-862C-D9225174EFDA}.Debug|Any CPU.ActiveCfg = Debug|Any CPU
		{DDC18AFF-02F8-445B-862C-D9225174EFDA}.Debug|Any CPU.Build.0 = Debug|Any CPU
		{DDC18AFF-02F8-445B-862C-D9225174EFDA}.Release|Any CPU.ActiveCfg = Release|Any CPU
		{DDC18AFF-02F8-445B-862C-D9225174EFDA}.Release|Any CPU.Build.0 = Release|Any CPU
		{698726BA-3F2F-4F80-B30E-F3E7BBA55724}.Debug|Any CPU.ActiveCfg = Debug|Any CPU
		{698726BA-3F2F-4F80-B30E-F3E7BBA55724}.Debug|Any CPU.Build.0 = Debug|Any CPU
		{698726BA-3F2F-4F80-B30E-F3E7BBA55724}.Release|Any CPU.ActiveCfg = Release|Any CPU
		{698726BA-3F2F-4F80-B30E-F3E7BBA55724}.Release|Any CPU.Build.0 = Release|Any CPU
		{99A37405-30A9-450B-9E4C-8FD32437F3E1}.Debug|Any CPU.ActiveCfg = Debug|Any CPU
		{99A37405-30A9-450B-9E4C-8FD32437F3E1}.Debug|Any CPU.Build.0 = Debug|Any CPU
		{99A37405-30A9-450B-9E4C-8FD32437F3E1}.Release|Any CPU.ActiveCfg = Release|Any CPU
		{99A37405-30A9-450B-9E4C-8FD32437F3E1}.Release|Any CPU.Build.0 = Release|Any CPU
	EndGlobalSection
	GlobalSection(SolutionProperties) = preSolution
		HideSolutionNode = FALSE
	EndGlobalSection
	GlobalSection(NestedProjects) = preSolution
		{A0F05192-7DE1-48F5-B28A-86EBD34069AB} = {2D875643-7DDB-45C7-B96B-ABC8983A1EAA}
		{7F540D20-F262-4289-9E65-E00F4C6E7D4D} = {8AE98050-A80D-4484-AE2C-0D734D642669}
		{FC607F09-8B30-4620-841F-DBA696A625E8} = {2D875643-7DDB-45C7-B96B-ABC8983A1EAA}
		{DDC18AFF-02F8-445B-862C-D9225174EFDA} = {2D875643-7DDB-45C7-B96B-ABC8983A1EAA}
		{698726BA-3F2F-4F80-B30E-F3E7BBA55724} = {2D875643-7DDB-45C7-B96B-ABC8983A1EAA}
		{99A37405-30A9-450B-9E4C-8FD32437F3E1} = {2D875643-7DDB-45C7-B96B-ABC8983A1EAA}
	EndGlobalSection
	GlobalSection(ExtensibilityGlobals) = postSolution
		SolutionGuid = {428E5133-4D61-429F-B328-73A59AFB4C31}
	EndGlobalSection
EndGlobal
